// !$*UTF8*$!
{
	archiveVersion = 1;
	classes = {
	};
	objectVersion = 44;
	objects = {

/* Begin PBXBuildFile section */
		32EB5A1D0DEF5A470073C696 /* Main.cpp in Sources */ = {isa = PBXBuildFile; fileRef = 32EB5A1C0DEF5A470073C696 /* Main.cpp */; };
		32EB5A390DEF5BAA0073C696 /* libBaseUtilities.a in Frameworks */ = {isa = PBXBuildFile; fileRef = 32EB5A2D0DEF5ABB0073C696 /* libBaseUtilities.a */; };
		32EB5A510DEF5E500073C696 /* Carbon.framework in Frameworks */ = {isa = PBXBuildFile; fileRef = 32EB5A500DEF5E500073C696 /* Carbon.framework */; };
		8DD76F6A0486A84900D96B5E /* ResourceToInclude.1 in CopyFiles */ = {isa = PBXBuildFile; fileRef = C6859E8B029090EE04C91782 /* ResourceToInclude.1 */; };
/* End PBXBuildFile section */

/* Begin PBXContainerItemProxy section */
		32EB5A2C0DEF5ABB0073C696 /* PBXContainerItemProxy */ = {
			isa = PBXContainerItemProxy;
			containerPortal = 32EB5A250DEF5ABB0073C696 /* BaseUtilities.xcodeproj */;
			proxyType = 2;
			remoteGlobalIDString = D2AAC06F0554671400DB518D;
			remoteInfo = BaseUtilities;
		};
		32EB5A2E0DEF5ACA0073C696 /* PBXContainerItemProxy */ = {
			isa = PBXContainerItemProxy;
			containerPortal = 32EB5A250DEF5ABB0073C696 /* BaseUtilities.xcodeproj */;
			proxyType = 1;
			remoteGlobalIDString = D2AAC06E0554671400DB518D;
			remoteInfo = BaseUtilities;
		};
/* End PBXContainerItemProxy section */

/* Begin PBXCopyFilesBuildPhase section */
		8DD76F690486A84900D96B5E /* CopyFiles */ = {
			isa = PBXCopyFilesBuildPhase;
			buildActionMask = 8;
			dstPath = /usr/share/man/man1/;
			dstSubfolderSpec = 0;
			files = (
				8DD76F6A0486A84900D96B5E /* ResourceToInclude.1 in CopyFiles */,
			);
			runOnlyForDeploymentPostprocessing = 1;
		};
/* End PBXCopyFilesBuildPhase section */

/* Begin PBXFileReference section */
		32EB5A1C0DEF5A470073C696 /* Main.cpp */ = {isa = PBXFileReference; fileEncoding = 4; lastKnownFileType = sourcecode.cpp.cpp; name = Main.cpp; path = ../../Main.cpp; sourceTree = SOURCE_ROOT; };
		32EB5A1F0DEF5A7A0073C696 /* RTI.h */ = {isa = PBXFileReference; fileEncoding = 4; lastKnownFileType = sourcecode.c.h; name = RTI.h; path = ../../Include/RTI.h; sourceTree = SOURCE_ROOT; };
		32EB5A250DEF5ABB0073C696 /* BaseUtilities.xcodeproj */ = {isa = PBXFileReference; lastKnownFileType = "wrapper.pb-project"; name = BaseUtilities.xcodeproj; path = ../../../../../SDK/trunk/BaseUtilities/projects/OSXXCode/BaseUtilities.xcodeproj; sourceTree = SOURCE_ROOT; };
		32EB5A340DEF5B070073C696 /* RTIOS.h */ = {isa = PBXFileReference; fileEncoding = 4; lastKnownFileType = sourcecode.c.h; name = RTIOS.h; path = ../../Include/RTIOS.h; sourceTree = SOURCE_ROOT; };
		32EB5A500DEF5E500073C696 /* Carbon.framework */ = {isa = PBXFileReference; lastKnownFileType = wrapper.framework; name = Carbon.framework; path = /System/Library/Frameworks/Carbon.framework; sourceTree = "<absolute>"; };
		8DD76F6C0486A84900D96B5E /* ResourceToInclude */ = {isa = PBXFileReference; explicitFileType = "compiled.mach-o.executable"; includeInIndex = 0; path = ResourceToInclude; sourceTree = BUILT_PRODUCTS_DIR; };
		C6859E8B029090EE04C91782 /* ResourceToInclude.1 */ = {isa = PBXFileReference; lastKnownFileType = text.man; path = ResourceToInclude.1; sourceTree = "<group>"; };
/* End PBXFileReference section */

/* Begin PBXFrameworksBuildPhase section */
		8DD76F660486A84900D96B5E /* Frameworks */ = {
			isa = PBXFrameworksBuildPhase;
			buildActionMask = 2147483647;
			files = (
				32EB5A390DEF5BAA0073C696 /* libBaseUtilities.a in Frameworks */,
				32EB5A510DEF5E500073C696 /* Carbon.framework in Frameworks */,
			);
			runOnlyForDeploymentPostprocessing = 0;
		};
/* End PBXFrameworksBuildPhase section */

/* Begin PBXGroup section */
		08FB7794FE84155DC02AAC07 /* ResourceToInclude */ = {
			isa = PBXGroup;
			children = (
				32EB5A500DEF5E500073C696 /* Carbon.framework */,
				32EB5A250DEF5ABB0073C696 /* BaseUtilities.xcodeproj */,
				08FB7795FE84155DC02AAC07 /* Source */,
				C6859E8C029090F304C91782 /* Documentation */,
				1AB674ADFE9D54B511CA2CBB /* Products */,
			);
			name = ResourceToInclude;
			sourceTree = "<group>";
		};
		08FB7795FE84155DC02AAC07 /* Source */ = {
			isa = PBXGroup;
			children = (
				32EB5A340DEF5B070073C696 /* RTIOS.h */,
				32EB5A1F0DEF5A7A0073C696 /* RTI.h */,
				32EB5A1C0DEF5A470073C696 /* Main.cpp */,
			);
			name = Source;
			sourceTree = "<group>";
		};
		1AB674ADFE9D54B511CA2CBB /* Products */ = {
			isa = PBXGroup;
			children = (
				8DD76F6C0486A84900D96B5E /* ResourceToInclude */,
			);
			name = Products;
			sourceTree = "<group>";
		};
		32EB5A260DEF5ABB0073C696 /* Products */ = {
			isa = PBXGroup;
			children = (
				32EB5A2D0DEF5ABB0073C696 /* libBaseUtilities.a */,
			);
			name = Products;
			sourceTree = "<group>";
		};
		C6859E8C029090F304C91782 /* Documentation */ = {
			isa = PBXGroup;
			children = (
				C6859E8B029090EE04C91782 /* ResourceToInclude.1 */,
			);
			name = Documentation;
			sourceTree = "<group>";
		};
/* End PBXGroup section */

/* Begin PBXNativeTarget section */
		8DD76F620486A84900D96B5E /* ResourceToInclude */ = {
			isa = PBXNativeTarget;
			buildConfigurationList = 1DEB923108733DC60010E9CD /* Build configuration list for PBXNativeTarget "ResourceToInclude" */;
			buildPhases = (
				8DD76F640486A84900D96B5E /* Sources */,
				8DD76F660486A84900D96B5E /* Frameworks */,
				8DD76F690486A84900D96B5E /* CopyFiles */,
			);
			buildRules = (
			);
			dependencies = (
				32EB5A2F0DEF5ACA0073C696 /* PBXTargetDependency */,
			);
			name = ResourceToInclude;
			productInstallPath = "$(HOME)/bin";
			productName = ResourceToInclude;
			productReference = 8DD76F6C0486A84900D96B5E /* ResourceToInclude */;
			productType = "com.apple.product-type.tool";
		};
/* End PBXNativeTarget section */

/* Begin PBXProject section */
		08FB7793FE84155DC02AAC07 /* Project object */ = {
			isa = PBXProject;
			buildConfigurationList = 1DEB923508733DC60010E9CD /* Build configuration list for PBXProject "ResourceToInclude" */;
			compatibilityVersion = "Xcode 3.0";
			hasScannedForEncodings = 1;
			mainGroup = 08FB7794FE84155DC02AAC07 /* ResourceToInclude */;
			projectDirPath = "";
			projectReferences = (
				{
					ProductGroup = 32EB5A260DEF5ABB0073C696 /* Products */;
					ProjectRef = 32EB5A250DEF5ABB0073C696 /* BaseUtilities.xcodeproj */;
				},
			);
			projectRoot = "";
			targets = (
				8DD76F620486A84900D96B5E /* ResourceToInclude */,
			);
		};
/* End PBXProject section */

/* Begin PBXReferenceProxy section */
		32EB5A2D0DEF5ABB0073C696 /* libBaseUtilities.a */ = {
			isa = PBXReferenceProxy;
			fileType = archive.ar;
			path = libBaseUtilities.a;
			remoteRef = 32EB5A2C0DEF5ABB0073C696 /* PBXContainerItemProxy */;
			sourceTree = BUILT_PRODUCTS_DIR;
		};
/* End PBXReferenceProxy section */

/* Begin PBXSourcesBuildPhase section */
		8DD76F640486A84900D96B5E /* Sources */ = {
			isa = PBXSourcesBuildPhase;
			buildActionMask = 2147483647;
			files = (
				32EB5A1D0DEF5A470073C696 /* Main.cpp in Sources */,
			);
			runOnlyForDeploymentPostprocessing = 0;
		};
/* End PBXSourcesBuildPhase section */

/* Begin PBXTargetDependency section */
		32EB5A2F0DEF5ACA0073C696 /* PBXTargetDependency */ = {
			isa = PBXTargetDependency;
			name = BaseUtilities;
			targetProxy = 32EB5A2E0DEF5ACA0073C696 /* PBXContainerItemProxy */;
		};
/* End PBXTargetDependency section */

/* Begin XCBuildConfiguration section */
		1DEB923208733DC60010E9CD /* Debug */ = {
			isa = XCBuildConfiguration;
			buildSettings = {
				COPY_PHASE_STRIP = NO;
				GCC_DYNAMIC_NO_PIC = NO;
				GCC_ENABLE_FIX_AND_CONTINUE = YES;
				GCC_MODEL_TUNING = G5;
				GCC_OPTIMIZATION_LEVEL = 0;
				GCC_PREPROCESSOR_DEFINITIONS = (
					"_GLIBCXX_DEBUG=1",
					"_GLIBCXX_DEBUG_PEDANTIC=1",
				);
				INSTALL_PATH = /usr/local/bin;
				PRODUCT_NAME = ResourceToInclude;
				ZERO_LINK = YES;
			};
			name = Debug;
		};
		1DEB923308733DC60010E9CD /* Release */ = {
			isa = XCBuildConfiguration;
			buildSettings = {
				DEBUG_INFORMATION_FORMAT = "dwarf-with-dsym";
				GCC_MODEL_TUNING = G5;
				INSTALL_PATH = /usr/local/bin;
				PRODUCT_NAME = ResourceToInclude;
			};
			name = Release;
		};
		1DEB923608733DC60010E9CD /* Debug */ = {
			isa = XCBuildConfiguration;
			buildSettings = {
				GCC_WARN_ABOUT_RETURN_TYPE = YES;
				GCC_WARN_UNUSED_VARIABLE = YES;
				HEADER_SEARCH_PATHS = ../../../../../SDK/trunk/BaseUtilities/interface/;
				PREBINDING = NO;
				SDKROOT = "$(DEVELOPER_SDK_DIR)/MacOSX10.5.sdk";
			};
			name = Debug;
		};
		1DEB923708733DC60010E9CD /* Release */ = {
			isa = XCBuildConfiguration;
			buildSettings = {
				ARCHS = (
					ppc,
					i386,
				);
				GCC_WARN_ABOUT_RETURN_TYPE = YES;
				GCC_WARN_UNUSED_VARIABLE = YES;
				HEADER_SEARCH_PATHS = ../../../../../SDK/trunk/BaseUtilities/interface/;
				PREBINDING = NO;
				SDKROOT = "$(DEVELOPER_SDK_DIR)/MacOSX10.5.sdk";
			};
			name = Release;
		};
/* End XCBuildConfiguration section */

/* Begin XCConfigurationList section */
		1DEB923108733DC60010E9CD /* Build configuration list for PBXNativeTarget "ResourceToInclude" */ = {
			isa = XCConfigurationList;
			buildConfigurations = (
				1DEB923208733DC60010E9CD /* Debug */,
				1DEB923308733DC60010E9CD /* Release */,
			);
			defaultConfigurationIsVisible = 0;
			defaultConfigurationName = Release;
		};
		1DEB923508733DC60010E9CD /* Build configuration list for PBXProject "ResourceToInclude" */ = {
			isa = XCConfigurationList;
			buildConfigurations = (
				1DEB923608733DC60010E9CD /* Debug */,
				1DEB923708733DC60010E9CD /* Release */,
			);
			defaultConfigurationIsVisible = 0;
			defaultConfigurationName = Release;
		};
/* End XCConfigurationList section */
	};
	rootObject = 08FB7793FE84155DC02AAC07 /* Project object */;
}
