// !$*UTF8*$!
{
	archiveVersion = 1;
	classes = {
	};
	objectVersion = 42;
	objects = {

/* Begin PBXBuildFile section */
		0AF5F8130CD5F9050037DD16 /* Carbon.framework in Frameworks */ = {isa = PBXBuildFile; fileRef = 0AF5F8120CD5F9050037DD16 /* Carbon.framework */; };
		32480A440D9D07E800FE2547 /* libAudioCompress.a in Frameworks */ = {isa = PBXBuildFile; fileRef = 32480A3E0D9D07D200FE2547 /* libAudioCompress.a */; };
		32480A450D9D07EB00FE2547 /* libBaseUtilities.a in Frameworks */ = {isa = PBXBuildFile; fileRef = 32480A280D9D07C100FE2547 /* libBaseUtilities.a */; };
		8DD76F650486A84900D96B5E /* main.cpp in Sources */ = {isa = PBXBuildFile; fileRef = 08FB7796FE84155DC02AAC07 /* main.cpp */; settings = {ATTRIBUTES = (); }; };
/* End PBXBuildFile section */

/* Begin PBXContainerItemProxy section */
		32480A270D9D07C100FE2547 /* PBXContainerItemProxy */ = {
			isa = PBXContainerItemProxy;
			containerPortal = 32480A200D9D07C100FE2547 /* BaseUtilities.xcodeproj */;
			proxyType = 2;
			remoteGlobalIDString = D2AAC06F0554671400DB518D;
			remoteInfo = BaseUtilities;
		};
		32480A3D0D9D07D200FE2547 /* PBXContainerItemProxy */ = {
			isa = PBXContainerItemProxy;
			containerPortal = 32480A290D9D07D200FE2547 /* AudioCompress.xcodeproj */;
			proxyType = 2;
			remoteGlobalIDString = D2AAC06F0554671400DB518D;
			remoteInfo = AudioCompress;
		};
		32480A3F0D9D07DF00FE2547 /* PBXContainerItemProxy */ = {
			isa = PBXContainerItemProxy;
			containerPortal = 32480A290D9D07D200FE2547 /* AudioCompress.xcodeproj */;
			proxyType = 1;
			remoteGlobalIDString = D2AAC06E0554671400DB518D;
			remoteInfo = AudioCompress;
		};
		32480A410D9D07DF00FE2547 /* PBXContainerItemProxy */ = {
			isa = PBXContainerItemProxy;
			containerPortal = 32480A200D9D07C100FE2547 /* BaseUtilities.xcodeproj */;
			proxyType = 1;
			remoteGlobalIDString = D2AAC06E0554671400DB518D;
			remoteInfo = BaseUtilities;
		};
/* End PBXContainerItemProxy section */

/* Begin PBXCopyFilesBuildPhase section */
		8DD76F690486A84900D96B5E /* CopyFiles */ = {
			isa = PBXCopyFilesBuildPhase;
			buildActionMask = 8;
			dstPath = /usr/share/man/man1/;
			dstSubfolderSpec = 0;
			files = (
			);
			runOnlyForDeploymentPostprocessing = 1;
		};
/* End PBXCopyFilesBuildPhase section */

/* Begin PBXFileReference section */
		08FB7796FE84155DC02AAC07 /* main.cpp */ = {isa = PBXFileReference; fileEncoding = 4; lastKnownFileType = sourcecode.cpp.cpp; path = main.cpp; sourceTree = "<group>"; };
		0AF5F8120CD5F9050037DD16 /* Carbon.framework */ = {isa = PBXFileReference; lastKnownFileType = wrapper.framework; name = Carbon.framework; path = /Developer/SDKs/MacOSX10.4u.sdk/System/Library/Frameworks/Carbon.framework; sourceTree = "<absolute>"; };
		32480A200D9D07C100FE2547 /* BaseUtilities.xcodeproj */ = {isa = PBXFileReference; lastKnownFileType = "wrapper.pb-project"; name = BaseUtilities.xcodeproj; path = ../../../BaseUtilities/projects/OSXXCode/BaseUtilities.xcodeproj; sourceTree = SOURCE_ROOT; };
		32480A290D9D07D200FE2547 /* AudioCompress.xcodeproj */ = {isa = PBXFileReference; lastKnownFileType = "wrapper.pb-project"; name = AudioCompress.xcodeproj; path = ../../projects/OSXXCode/AudioCompress.xcodeproj; sourceTree = SOURCE_ROOT; };
		325B07580DACBC3100021C67 /* StdAfx.h */ = {isa = PBXFileReference; fileEncoding = 4; lastKnownFileType = sourcecode.c.h; name = StdAfx.h; path = win32/StdAfx.h; sourceTree = "<group>"; };
		8DD76F6C0486A84900D96B5E /* LameEncode */ = {isa = PBXFileReference; explicitFileType = "compiled.mach-o.executable"; includeInIndex = 0; path = LameEncode; sourceTree = BUILT_PRODUCTS_DIR; };
/* End PBXFileReference section */

/* Begin PBXFrameworksBuildPhase section */
		8DD76F660486A84900D96B5E /* Frameworks */ = {
			isa = PBXFrameworksBuildPhase;
			buildActionMask = 2147483647;
			files = (
				0AF5F8130CD5F9050037DD16 /* Carbon.framework in Frameworks */,
				32480A440D9D07E800FE2547 /* libAudioCompress.a in Frameworks */,
				32480A450D9D07EB00FE2547 /* libBaseUtilities.a in Frameworks */,
			);
			runOnlyForDeploymentPostprocessing = 0;
		};
/* End PBXFrameworksBuildPhase section */

/* Begin PBXGroup section */
		08FB7794FE84155DC02AAC07 /* VorbisEncode2 */ = {
			isa = PBXGroup;
			children = (
				0AF5F8120CD5F9050037DD16 /* Carbon.framework */,
				32480A290D9D07D200FE2547 /* AudioCompress.xcodeproj */,
				32480A200D9D07C100FE2547 /* BaseUtilities.xcodeproj */,
				08FB7795FE84155DC02AAC07 /* Source */,
				C6859E8C029090F304C91782 /* Documentation */,
				1AB674ADFE9D54B511CA2CBB /* Products */,
			);
			name = VorbisEncode2;
			sourceTree = "<group>";
		};
		08FB7795FE84155DC02AAC07 /* Source */ = {
			isa = PBXGroup;
			children = (
				325B07580DACBC3100021C67 /* StdAfx.h */,
				08FB7796FE84155DC02AAC07 /* main.cpp */,
			);
			name = Source;
			sourceTree = "<group>";
		};
		1AB674ADFE9D54B511CA2CBB /* Products */ = {
			isa = PBXGroup;
			children = (
				8DD76F6C0486A84900D96B5E /* LameEncode */,
			);
			name = Products;
			sourceTree = "<group>";
		};
		32480A210D9D07C100FE2547 /* Products */ = {
			isa = PBXGroup;
			children = (
				32480A280D9D07C100FE2547 /* libBaseUtilities.a */,
			);
			name = Products;
			sourceTree = "<group>";
		};
		32480A2A0D9D07D200FE2547 /* Products */ = {
			isa = PBXGroup;
			children = (
				32480A3E0D9D07D200FE2547 /* libAudioCompress.a */,
			);
			name = Products;
			sourceTree = "<group>";
		};
		C6859E8C029090F304C91782 /* Documentation */ = {
			isa = PBXGroup;
			children = (
			);
			name = Documentation;
			sourceTree = "<group>";
		};
/* End PBXGroup section */

/* Begin PBXNativeTarget section */
		8DD76F620486A84900D96B5E /* LameEncode2 */ = {
			isa = PBXNativeTarget;
			buildConfigurationList = 1DEB923108733DC60010E9CD /* Build configuration list for PBXNativeTarget "LameEncode2" */;
			buildPhases = (
				8DD76F640486A84900D96B5E /* Sources */,
				8DD76F660486A84900D96B5E /* Frameworks */,
				8DD76F690486A84900D96B5E /* CopyFiles */,
			);
			buildRules = (
			);
			dependencies = (
				32480A400D9D07DF00FE2547 /* PBXTargetDependency */,
				32480A420D9D07DF00FE2547 /* PBXTargetDependency */,
			);
			name = LameEncode2;
			productInstallPath = "$(HOME)/bin";
			productName = VorbisEncode2;
			productReference = 8DD76F6C0486A84900D96B5E /* LameEncode */;
			productType = "com.apple.product-type.tool";
		};
/* End PBXNativeTarget section */

/* Begin PBXProject section */
		08FB7793FE84155DC02AAC07 /* Project object */ = {
			isa = PBXProject;
			buildConfigurationList = 1DEB923508733DC60010E9CD /* Build configuration list for PBXProject "LameEncode2" */;
			compatibilityVersion = "Xcode 2.4";
			hasScannedForEncodings = 1;
			mainGroup = 08FB7794FE84155DC02AAC07 /* VorbisEncode2 */;
			projectDirPath = "";
			projectReferences = (
				{
					ProductGroup = 32480A2A0D9D07D200FE2547 /* Products */;
					ProjectRef = 32480A290D9D07D200FE2547 /* AudioCompress.xcodeproj */;
				},
				{
					ProductGroup = 32480A210D9D07C100FE2547 /* Products */;
					ProjectRef = 32480A200D9D07C100FE2547 /* BaseUtilities.xcodeproj */;
				},
			);
			projectRoot = "";
			targets = (
				8DD76F620486A84900D96B5E /* LameEncode2 */,
			);
		};
/* End PBXProject section */

/* Begin PBXReferenceProxy section */
		32480A280D9D07C100FE2547 /* libBaseUtilities.a */ = {
			isa = PBXReferenceProxy;
			fileType = archive.ar;
			path = libBaseUtilities.a;
			remoteRef = 32480A270D9D07C100FE2547 /* PBXContainerItemProxy */;
			sourceTree = BUILT_PRODUCTS_DIR;
		};
		32480A3E0D9D07D200FE2547 /* libAudioCompress.a */ = {
			isa = PBXReferenceProxy;
			fileType = archive.ar;
			path = libAudioCompress.a;
			remoteRef = 32480A3D0D9D07D200FE2547 /* PBXContainerItemProxy */;
			sourceTree = BUILT_PRODUCTS_DIR;
		};
/* End PBXReferenceProxy section */

/* Begin PBXSourcesBuildPhase section */
		8DD76F640486A84900D96B5E /* Sources */ = {
			isa = PBXSourcesBuildPhase;
			buildActionMask = 2147483647;
			files = (
				8DD76F650486A84900D96B5E /* main.cpp in Sources */,
			);
			runOnlyForDeploymentPostprocessing = 0;
		};
/* End PBXSourcesBuildPhase section */

/* Begin PBXTargetDependency section */
		32480A400D9D07DF00FE2547 /* PBXTargetDependency */ = {
			isa = PBXTargetDependency;
			name = AudioCompress;
			targetProxy = 32480A3F0D9D07DF00FE2547 /* PBXContainerItemProxy */;
		};
		32480A420D9D07DF00FE2547 /* PBXTargetDependency */ = {
			isa = PBXTargetDependency;
			name = BaseUtilities;
			targetProxy = 32480A410D9D07DF00FE2547 /* PBXContainerItemProxy */;
		};
/* End PBXTargetDependency section */

/* Begin XCBuildConfiguration section */
		1DEB923208733DC60010E9CD /* Debug */ = {
			isa = XCBuildConfiguration;
			buildSettings = {
				ARCHS = (
					i386,
					ppc,
				);
				COPY_PHASE_STRIP = NO;
				FRAMEWORK_SEARCH_PATHS = (
					"$(inherited)",
					"$(FRAMEWORK_SEARCH_PATHS_QUOTED_1)",
				);
				FRAMEWORK_SEARCH_PATHS_QUOTED_1 = "\"$(SYSTEM_DEVELOPER_DIR)/SDKs/MacOSX10.4u.sdk/System/Library/Frameworks\"";
				GCC_DYNAMIC_NO_PIC = NO;
				GCC_ENABLE_FIX_AND_CONTINUE = YES;
				GCC_MODEL_TUNING = G5;
				GCC_OPTIMIZATION_LEVEL = 0;
				HEADER_SEARCH_PATHS = "$(inherited)";
				INSTALL_PATH = "$(HOME)/bin";
				LIBRARY_SEARCH_PATHS_QUOTED_1 = "\"$(SRCROOT)/../../SDK/trunk/AudioCompress/projects/OSXXCode/build/Release\"";
				PRODUCT_NAME = LameEncode;
				USER_HEADER_SEARCH_PATHS = "$(inherited)";
				ZERO_LINK = NO;
			};
			name = Debug;
		};
		1DEB923308733DC60010E9CD /* Release */ = {
			isa = XCBuildConfiguration;
			buildSettings = {
				ARCHS = (
					i386,
					ppc,
				);
				FRAMEWORK_SEARCH_PATHS = (
					"$(inherited)",
					"$(FRAMEWORK_SEARCH_PATHS_QUOTED_1)",
				);
				FRAMEWORK_SEARCH_PATHS_QUOTED_1 = "\"$(SYSTEM_DEVELOPER_DIR)/SDKs/MacOSX10.4u.sdk/System/Library/Frameworks\"";
				GCC_GENERATE_DEBUGGING_SYMBOLS = NO;
				GCC_MODEL_TUNING = G5;
				HEADER_SEARCH_PATHS = "$(inherited)";
				INSTALL_PATH = "$(HOME)/bin";
				LIBRARY_SEARCH_PATHS_QUOTED_1 = "\"$(SRCROOT)/../../SDK/trunk/AudioCompress/projects/OSXXCode/build/Release\"";
				PRODUCT_NAME = LameEncode;
				USER_HEADER_SEARCH_PATHS = "$(inherited)";
			};
			name = Release;
		};
		1DEB923608733DC60010E9CD /* Debug */ = {
			isa = XCBuildConfiguration;
			buildSettings = {
				GCC_WARN_ABOUT_RETURN_TYPE = YES;
				GCC_WARN_UNUSED_VARIABLE = YES;
				HEADER_SEARCH_PATHS = (
					../../../BaseUtilities/interface,
					../../interface,
					win32,
				);
				PREBINDING = NO;
				SDKROOT = /Developer/SDKs/MacOSX10.4u.sdk;
				USER_HEADER_SEARCH_PATHS = "../../../BaseUtilities/interface ../../interface win32";
				ZERO_LINK = NO;
			};
			name = Debug;
		};
		1DEB923708733DC60010E9CD /* Release */ = {
			isa = XCBuildConfiguration;
			buildSettings = {
				GCC_WARN_ABOUT_RETURN_TYPE = YES;
				GCC_WARN_UNUSED_VARIABLE = YES;
				HEADER_SEARCH_PATHS = (
					../../../BaseUtilities/interface,
					../../interface,
					win32,
				);
				PREBINDING = NO;
				SDKROOT = /Developer/SDKs/MacOSX10.4u.sdk;
				USER_HEADER_SEARCH_PATHS = "../../../BaseUtilities/interface ../../interface win32";
				ZERO_LINK = NO;
			};
			name = Release;
		};
/* End XCBuildConfiguration section */

/* Begin XCConfigurationList section */
		1DEB923108733DC60010E9CD /* Build configuration list for PBXNativeTarget "LameEncode2" */ = {
			isa = XCConfigurationList;
			buildConfigurations = (
				1DEB923208733DC60010E9CD /* Debug */,
				1DEB923308733DC60010E9CD /* Release */,
			);
			defaultConfigurationIsVisible = 0;
			defaultConfigurationName = Release;
		};
		1DEB923508733DC60010E9CD /* Build configuration list for PBXProject "LameEncode2" */ = {
			isa = XCConfigurationList;
			buildConfigurations = (
				1DEB923608733DC60010E9CD /* Debug */,
				1DEB923708733DC60010E9CD /* Release */,
			);
			defaultConfigurationIsVisible = 0;
			defaultConfigurationName = Release;
		};
/* End XCConfigurationList section */
	};
	rootObject = 08FB7793FE84155DC02AAC07 /* Project object */;
}
